
Microsoft Visual Studio Solution File, Format Version 12.00
# Visual Studio 15
VisualStudioVersion = 15.0.27130.2036
MinimumVisualStudioVersion = 10.0.40219.1
Project("{FAE04EC0-301F-11D3-BF4B-00C04F79EFBC}") = "ToDoApi", "ToDoApi\ToDoApi.csproj", "{E3EC7A99-7069-47A2-967D-F37129A29F24}"
EndProject
Global
	GlobalSection(SolutionConfigurationPlatforms) = preSolution
		Debug|Any CPU = Debug|Any CPU
		Release|Any CPU = Release|Any CPU
	EndGlobalSection
	GlobalSection(ProjectConfigurationPlatforms) = postSolution
		{E3EC7A99-7069-47A2-967D-F37129A29F24}.Debug|Any CPU.ActiveCfg = Debug|Any CPU
		{E3EC7A99-7069-47A2-967D-F37129A29F24}.Debug|Any CPU.Build.0 = Debug|Any CPU
		{E3EC7A99-7069-47A2-967D-F37129A29F24}.Release|Any CPU.ActiveCfg = Release|Any CPU
		{E3EC7A99-7069-47A2-967D-F37129A29F24}.Release|Any CPU.Build.0 = Release|Any CPU
	EndGlobalSection
	GlobalSection(SolutionProperties) = preSolution
		HideSolutionNode = FALSE
	EndGlobalSection
	GlobalSection(ExtensibilityGlobals) = postSolution
		SolutionGuid = {41464129-126F-4C10-8836-0B72C506178D}
	EndGlobalSection
EndGlobal
